
Microsoft Visual Studio Solution File, Format Version 12.00
# Visual Studio 15
VisualStudioVersion = 15.0.27004.2010
MinimumVisualStudioVersion = 10.0.40219.1
Project("{8BC9CEB8-8B4A-11D0-8D11-00A0C91BC942}") = "but_driver", "vs2017\but_driver\but_driver.vcxproj", "{458E5FCF-05DA-4C6A-BEB5-0914AF6AB931}"
EndProject
Project("{8BC9CEB8-8B4A-11D0-8D11-00A0C91BC942}") = "win32_but_driver", "vs2017\win32_but_driver\win32_but_driver.vcxproj", "{0C218BA3-240B-479F-AC3C-AB40BA556B4B}"
	ProjectSection(ProjectDependencies) = postProject
		{DD39D370-6946-4564-BEDF-7B7EEDD910C6} = {DD39D370-6946-4564-BEDF-7B7EEDD910C6}
		{458E5FCF-05DA-4C6A-BEB5-0914AF6AB931} = {458E5FCF-05DA-4C6A-BEB5-0914AF6AB931}
	EndProjectSection
EndProject
Project("{8BC9CEB8-8B4A-11D0-8D11-00A0C91BC942}") = "test_but_driver", "vs2017\test_but_driver\test_but_driver.vcxproj", "{202B5835-F12B-4A10-9EC5-9E20022F33DF}"
	ProjectSection(ProjectDependencies) = postProject
		{458E5FCF-05DA-4C6A-BEB5-0914AF6AB931} = {458E5FCF-05DA-4C6A-BEB5-0914AF6AB931}
	EndProjectSection
EndProject
Project("{8BC9CEB8-8B4A-11D0-8D11-00A0C91BC942}") = "ute_driver", "vs2017\ute_driver\ute_driver.vcxproj", "{BD017356-0F3C-4CDB-A0BE-D03E27962BE5}"
EndProject
Project("{8BC9CEB8-8B4A-11D0-8D11-00A0C91BC942}") = "test_ute_driver", "vs2017\test_ute_driver\test_ute_driver.vcxproj", "{5D529169-D034-496D-A2C7-0B25D93F1072}"
	ProjectSection(ProjectDependencies) = postProject
		{BD017356-0F3C-4CDB-A0BE-D03E27962BE5} = {BD017356-0F3C-4CDB-A0BE-D03E27962BE5}
		{DD39D370-6946-4564-BEDF-7B7EEDD910C6} = {DD39D370-6946-4564-BEDF-7B7EEDD910C6}
	EndProjectSection
EndProject
Project("{8BC9CEB8-8B4A-11D0-8D11-00A0C91BC942}") = "test_ehm", "vs2017\test_ehm\test_ehm.vcxproj", "{B8F969D9-BDEE-4312-9147-1FB4623589B3}"
	ProjectSection(ProjectDependencies) = postProject
		{DD39D370-6946-4564-BEDF-7B7EEDD910C6} = {DD39D370-6946-4564-BEDF-7B7EEDD910C6}
	EndProjectSection
EndProject
Project("{8BC9CEB8-8B4A-11D0-8D11-00A0C91BC942}") = "ehmDll", "vs2017\ehmDll\ehmDll.vcxproj", "{DD39D370-6946-4564-BEDF-7B7EEDD910C6}"
EndProject
Project("{8BC9CEB8-8B4A-11D0-8D11-00A0C91BC942}") = "test_ute_counter", "vs2017\test_ute_counter\test_ute_counter.vcxproj", "{F8D4DB27-51C3-4C7F-BE5F-0D4ED5887F9E}"
	ProjectSection(ProjectDependencies) = postProject
		{BD017356-0F3C-4CDB-A0BE-D03E27962BE5} = {BD017356-0F3C-4CDB-A0BE-D03E27962BE5}
		{DD39D370-6946-4564-BEDF-7B7EEDD910C6} = {DD39D370-6946-4564-BEDF-7B7EEDD910C6}
	EndProjectSection
EndProject
Project("{8BC9CEB8-8B4A-11D0-8D11-00A0C91BC942}") = "test_mutex", "vs2017\test_mutex\test_mutex.vcxproj", "{8B8871C7-FCBF-49A2-9680-8FBFF1D96ED6}"
EndProject
Project("{8BC9CEB8-8B4A-11D0-8D11-00A0C91BC942}") = "test_dlist", "vs2017\test_dlist\test_dlist.vcxproj", "{710A8E5F-31EC-4AED-B5E6-B9B435E455C1}"
EndProject
Project("{8BC9CEB8-8B4A-11D0-8D11-00A0C91BC942}") = "test_rgn", "vs2017\test_rgn\test_rgn.vcxproj", "{1546206A-5FF2-4B9D-BE3D-080CA85D7950}"
EndProject
Global
	GlobalSection(SolutionConfigurationPlatforms) = preSolution
		Debug|x64 = Debug|x64
		Debug|x86 = Debug|x86
		Release|x64 = Release|x64
		Release|x86 = Release|x86
	EndGlobalSection
	GlobalSection(ProjectConfigurationPlatforms) = postSolution
		{458E5FCF-05DA-4C6A-BEB5-0914AF6AB931}.Debug|x64.ActiveCfg = Debug|x64
		{458E5FCF-05DA-4C6A-BEB5-0914AF6AB931}.Debug|x64.Build.0 = Debug|x64
		{458E5FCF-05DA-4C6A-BEB5-0914AF6AB931}.Debug|x86.ActiveCfg = Debug|Win32
		{458E5FCF-05DA-4C6A-BEB5-0914AF6AB931}.Debug|x86.Build.0 = Debug|Win32
		{458E5FCF-05DA-4C6A-BEB5-0914AF6AB931}.Release|x64.ActiveCfg = Release|x64
		{458E5FCF-05DA-4C6A-BEB5-0914AF6AB931}.Release|x64.Build.0 = Release|x64
		{458E5FCF-05DA-4C6A-BEB5-0914AF6AB931}.Release|x86.ActiveCfg = Release|Win32
		{458E5FCF-05DA-4C6A-BEB5-0914AF6AB931}.Release|x86.Build.0 = Release|Win32
		{0C218BA3-240B-479F-AC3C-AB40BA556B4B}.Debug|x64.ActiveCfg = Debug|x64
		{0C218BA3-240B-479F-AC3C-AB40BA556B4B}.Debug|x64.Build.0 = Debug|x64
		{0C218BA3-240B-479F-AC3C-AB40BA556B4B}.Debug|x86.ActiveCfg = Debug|Win32
		{0C218BA3-240B-479F-AC3C-AB40BA556B4B}.Debug|x86.Build.0 = Debug|Win32
		{0C218BA3-240B-479F-AC3C-AB40BA556B4B}.Release|x64.ActiveCfg = Release|x64
		{0C218BA3-240B-479F-AC3C-AB40BA556B4B}.Release|x64.Build.0 = Release|x64
		{0C218BA3-240B-479F-AC3C-AB40BA556B4B}.Release|x86.ActiveCfg = Release|Win32
		{0C218BA3-240B-479F-AC3C-AB40BA556B4B}.Release|x86.Build.0 = Release|Win32
		{202B5835-F12B-4A10-9EC5-9E20022F33DF}.Debug|x64.ActiveCfg = Debug|x64
		{202B5835-F12B-4A10-9EC5-9E20022F33DF}.Debug|x64.Build.0 = Debug|x64
		{202B5835-F12B-4A10-9EC5-9E20022F33DF}.Debug|x86.ActiveCfg = Debug|Win32
		{202B5835-F12B-4A10-9EC5-9E20022F33DF}.Debug|x86.Build.0 = Debug|Win32
		{202B5835-F12B-4A10-9EC5-9E20022F33DF}.Release|x64.ActiveCfg = Release|x64
		{202B5835-F12B-4A10-9EC5-9E20022F33DF}.Release|x64.Build.0 = Release|x64
		{202B5835-F12B-4A10-9EC5-9E20022F33DF}.Release|x86.ActiveCfg = Release|Win32
		{202B5835-F12B-4A10-9EC5-9E20022F33DF}.Release|x86.Build.0 = Release|Win32
		{BD017356-0F3C-4CDB-A0BE-D03E27962BE5}.Debug|x64.ActiveCfg = Debug|x64
		{BD017356-0F3C-4CDB-A0BE-D03E27962BE5}.Debug|x64.Build.0 = Debug|x64
		{BD017356-0F3C-4CDB-A0BE-D03E27962BE5}.Debug|x86.ActiveCfg = Debug|Win32
		{BD017356-0F3C-4CDB-A0BE-D03E27962BE5}.Debug|x86.Build.0 = Debug|Win32
		{BD017356-0F3C-4CDB-A0BE-D03E27962BE5}.Release|x64.ActiveCfg = Release|x64
		{BD017356-0F3C-4CDB-A0BE-D03E27962BE5}.Release|x64.Build.0 = Release|x64
		{BD017356-0F3C-4CDB-A0BE-D03E27962BE5}.Release|x86.ActiveCfg = Release|Win32
		{BD017356-0F3C-4CDB-A0BE-D03E27962BE5}.Release|x86.Build.0 = Release|Win32
		{5D529169-D034-496D-A2C7-0B25D93F1072}.Debug|x64.ActiveCfg = Debug|x64
		{5D529169-D034-496D-A2C7-0B25D93F1072}.Debug|x64.Build.0 = Debug|x64
		{5D529169-D034-496D-A2C7-0B25D93F1072}.Debug|x86.ActiveCfg = Debug|Win32
		{5D529169-D034-496D-A2C7-0B25D93F1072}.Debug|x86.Build.0 = Debug|Win32
		{5D529169-D034-496D-A2C7-0B25D93F1072}.Release|x64.ActiveCfg = Release|x64
		{5D529169-D034-496D-A2C7-0B25D93F1072}.Release|x64.Build.0 = Release|x64
		{5D529169-D034-496D-A2C7-0B25D93F1072}.Release|x86.ActiveCfg = Release|Win32
		{5D529169-D034-496D-A2C7-0B25D93F1072}.Release|x86.Build.0 = Release|Win32
		{B8F969D9-BDEE-4312-9147-1FB4623589B3}.Debug|x64.ActiveCfg = Debug|x64
		{B8F969D9-BDEE-4312-9147-1FB4623589B3}.Debug|x64.Build.0 = Debug|x64
		{B8F969D9-BDEE-4312-9147-1FB4623589B3}.Debug|x86.ActiveCfg = Debug|Win32
		{B8F969D9-BDEE-4312-9147-1FB4623589B3}.Debug|x86.Build.0 = Debug|Win32
		{B8F969D9-BDEE-4312-9147-1FB4623589B3}.Release|x64.ActiveCfg = Release|x64
		{B8F969D9-BDEE-4312-9147-1FB4623589B3}.Release|x64.Build.0 = Release|x64
		{B8F969D9-BDEE-4312-9147-1FB4623589B3}.Release|x86.ActiveCfg = Release|Win32
		{B8F969D9-BDEE-4312-9147-1FB4623589B3}.Release|x86.Build.0 = Release|Win32
		{DD39D370-6946-4564-BEDF-7B7EEDD910C6}.Debug|x64.ActiveCfg = Debug|x64
		{DD39D370-6946-4564-BEDF-7B7EEDD910C6}.Debug|x64.Build.0 = Debug|x64
		{DD39D370-6946-4564-BEDF-7B7EEDD910C6}.Debug|x64.Deploy.0 = Debug|x64
		{DD39D370-6946-4564-BEDF-7B7EEDD910C6}.Debug|x86.ActiveCfg = Debug|Win32
		{DD39D370-6946-4564-BEDF-7B7EEDD910C6}.Debug|x86.Build.0 = Debug|Win32
		{DD39D370-6946-4564-BEDF-7B7EEDD910C6}.Debug|x86.Deploy.0 = Debug|Win32
		{DD39D370-6946-4564-BEDF-7B7EEDD910C6}.Release|x64.ActiveCfg = Release|x64
		{DD39D370-6946-4564-BEDF-7B7EEDD910C6}.Release|x64.Build.0 = Release|x64
		{DD39D370-6946-4564-BEDF-7B7EEDD910C6}.Release|x64.Deploy.0 = Release|x64
		{DD39D370-6946-4564-BEDF-7B7EEDD910C6}.Release|x86.ActiveCfg = Release|Win32
		{DD39D370-6946-4564-BEDF-7B7EEDD910C6}.Release|x86.Build.0 = Release|Win32
		{DD39D370-6946-4564-BEDF-7B7EEDD910C6}.Release|x86.Deploy.0 = Release|Win32
		{F8D4DB27-51C3-4C7F-BE5F-0D4ED5887F9E}.Debug|x64.ActiveCfg = Debug|x64
		{F8D4DB27-51C3-4C7F-BE5F-0D4ED5887F9E}.Debug|x64.Build.0 = Debug|x64
		{F8D4DB27-51C3-4C7F-BE5F-0D4ED5887F9E}.Debug|x86.ActiveCfg = Debug|Win32
		{F8D4DB27-51C3-4C7F-BE5F-0D4ED5887F9E}.Debug|x86.Build.0 = Debug|Win32
		{F8D4DB27-51C3-4C7F-BE5F-0D4ED5887F9E}.Release|x64.ActiveCfg = Release|x64
		{F8D4DB27-51C3-4C7F-BE5F-0D4ED5887F9E}.Release|x64.Build.0 = Release|x64
		{F8D4DB27-51C3-4C7F-BE5F-0D4ED5887F9E}.Release|x86.ActiveCfg = Release|Win32
		{F8D4DB27-51C3-4C7F-BE5F-0D4ED5887F9E}.Release|x86.Build.0 = Release|Win32
		{8B8871C7-FCBF-49A2-9680-8FBFF1D96ED6}.Debug|x64.ActiveCfg = Debug|x64
		{8B8871C7-FCBF-49A2-9680-8FBFF1D96ED6}.Debug|x64.Build.0 = Debug|x64
		{8B8871C7-FCBF-49A2-9680-8FBFF1D96ED6}.Debug|x86.ActiveCfg = Debug|Win32
		{8B8871C7-FCBF-49A2-9680-8FBFF1D96ED6}.Debug|x86.Build.0 = Debug|Win32
		{8B8871C7-FCBF-49A2-9680-8FBFF1D96ED6}.Release|x64.ActiveCfg = Release|x64
		{8B8871C7-FCBF-49A2-9680-8FBFF1D96ED6}.Release|x64.Build.0 = Release|x64
		{8B8871C7-FCBF-49A2-9680-8FBFF1D96ED6}.Release|x86.ActiveCfg = Release|Win32
		{8B8871C7-FCBF-49A2-9680-8FBFF1D96ED6}.Release|x86.Build.0 = Release|Win32
		{710A8E5F-31EC-4AED-B5E6-B9B435E455C1}.Debug|x64.ActiveCfg = Debug|x64
		{710A8E5F-31EC-4AED-B5E6-B9B435E455C1}.Debug|x64.Build.0 = Debug|x64
		{710A8E5F-31EC-4AED-B5E6-B9B435E455C1}.Debug|x86.ActiveCfg = Debug|Win32
		{710A8E5F-31EC-4AED-B5E6-B9B435E455C1}.Debug|x86.Build.0 = Debug|Win32
		{710A8E5F-31EC-4AED-B5E6-B9B435E455C1}.Release|x64.ActiveCfg = Release|x64
		{710A8E5F-31EC-4AED-B5E6-B9B435E455C1}.Release|x64.Build.0 = Release|x64
		{710A8E5F-31EC-4AED-B5E6-B9B435E455C1}.Release|x86.ActiveCfg = Release|Win32
		{710A8E5F-31EC-4AED-B5E6-B9B435E455C1}.Release|x86.Build.0 = Release|Win32
		{1546206A-5FF2-4B9D-BE3D-080CA85D7950}.Debug|x64.ActiveCfg = Debug|x64
		{1546206A-5FF2-4B9D-BE3D-080CA85D7950}.Debug|x64.Build.0 = Debug|x64
		{1546206A-5FF2-4B9D-BE3D-080CA85D7950}.Debug|x86.ActiveCfg = Debug|Win32
		{1546206A-5FF2-4B9D-BE3D-080CA85D7950}.Debug|x86.Build.0 = Debug|Win32
		{1546206A-5FF2-4B9D-BE3D-080CA85D7950}.Release|x64.ActiveCfg = Release|x64
		{1546206A-5FF2-4B9D-BE3D-080CA85D7950}.Release|x64.Build.0 = Release|x64
		{1546206A-5FF2-4B9D-BE3D-080CA85D7950}.Release|x86.ActiveCfg = Release|Win32
		{1546206A-5FF2-4B9D-BE3D-080CA85D7950}.Release|x86.Build.0 = Release|Win32
	EndGlobalSection
	GlobalSection(SolutionProperties) = preSolution
		HideSolutionNode = FALSE
	EndGlobalSection
	GlobalSection(ExtensibilityGlobals) = postSolution
		SolutionGuid = {6A57AF56-CE28-4BD4-8C0A-6C9792E344C0}
	EndGlobalSection
EndGlobal
